
Microsoft Visual Studio Solution File, Format Version 12.00
# Visual Studio Version 18
VisualStudioVersion = 18.2.11415.280 d18.0
MinimumVisualStudioVersion = 10.0.40219.1
Project("{FAE04EC0-301F-11D3-BF4B-00C04F79EFBC}") = "UiPlaywrightTest", "UiPlaywrightTest.csproj", "{FE6AADDC-77CB-A34C-CF6C-BC2AD8697F65}"
EndProject
Global
	GlobalSection(SolutionConfigurationPlatforms) = preSolution
		Debug|Any CPU = Debug|Any CPU
		Release|Any CPU = Release|Any CPU
	EndGlobalSection
	GlobalSection(ProjectConfigurationPlatforms) = postSolution
		{FE6AADDC-77CB-A34C-CF6C-BC2AD8697F65}.Debug|Any CPU.ActiveCfg = Debug|Any CPU
		{FE6AADDC-77CB-A34C-CF6C-BC2AD8697F65}.Debug|Any CPU.Build.0 = Debug|Any CPU
		{FE6AADDC-77CB-A34C-CF6C-BC2AD8697F65}.Release|Any CPU.ActiveCfg = Release|Any CPU
		{FE6AADDC-77CB-A34C-CF6C-BC2AD8697F65}.Release|Any CPU.Build.0 = Release|Any CPU
	EndGlobalSection
	GlobalSection(SolutionProperties) = preSolution
		HideSolutionNode = FALSE
	EndGlobalSection
	GlobalSection(ExtensibilityGlobals) = postSolution
		SolutionGuid = {4B2C96FC-E6ED-4A11-B036-F9EB08616B90}
	EndGlobalSection
EndGlobal
